// !$*UTF8*$!
{
	archiveVersion = 1;
	classes = {
	};
	objectVersion = 46;
	objects = {

/* Begin PBXBuildFile section */
		24B43C6F1B3064D100A59F88 /* main.cpp in Sources */ = {isa = PBXBuildFile; fileRef = 24B43C6B1B3064D100A59F88 /* main.cpp */; };
		24B43C701B3064D100A59F88 /* monitor.cpp in Sources */ = {isa = PBXBuildFile; fileRef = 24B43C6C1B3064D100A59F88 /* monitor.cpp */; };
		24B43C711B3064D100A59F88 /* thread.cpp in Sources */ = {isa = PBXBuildFile; fileRef = 24B43C6D1B3064D100A59F88 /* thread.cpp */; };
/* End PBXBuildFile section */

/* Begin PBXCopyFilesBuildPhase section */
		24A68EAA1B2B186700217EA6 /* CopyFiles */ = {
			isa = PBXCopyFilesBuildPhase;
			buildActionMask = 2147483647;
			dstPath = /usr/share/man/man1/;
			dstSubfolderSpec = 0;
			files = (
			);
			runOnlyForDeploymentPostprocessing = 1;
		};
/* End PBXCopyFilesBuildPhase section */

/* Begin PBXFileReference section */
		24A68EAC1B2B186700217EA6 /* EP3 */ = {isa = PBXFileReference; explicitFileType = "compiled.mach-o.executable"; includeInIndex = 0; path = EP3; sourceTree = BUILT_PRODUCTS_DIR; };
		24B43C6A1B3064D100A59F88 /* andamento.txt */ = {isa = PBXFileReference; fileEncoding = 4; lastKnownFileType = text; name = andamento.txt; path = EP3/andamento.txt; sourceTree = "<group>"; };
		24B43C6B1B3064D100A59F88 /* main.cpp */ = {isa = PBXFileReference; fileEncoding = 4; lastKnownFileType = sourcecode.cpp.cpp; name = main.cpp; path = EP3/main.cpp; sourceTree = "<group>"; };
		24B43C6C1B3064D100A59F88 /* monitor.cpp */ = {isa = PBXFileReference; fileEncoding = 4; lastKnownFileType = sourcecode.cpp.cpp; name = monitor.cpp; path = EP3/monitor.cpp; sourceTree = "<group>"; };
		24B43C6D1B3064D100A59F88 /* thread.cpp */ = {isa = PBXFileReference; fileEncoding = 4; lastKnownFileType = sourcecode.cpp.cpp; name = thread.cpp; path = EP3/thread.cpp; sourceTree = "<group>"; };
		24B43C6E1B3064D100A59F88 /* thread.h */ = {isa = PBXFileReference; fileEncoding = 4; lastKnownFileType = sourcecode.c.h; name = thread.h; path = EP3/thread.h; sourceTree = "<group>"; };
		24B43C721B306BCF00A59F88 /* Enunciado.pdf */ = {isa = PBXFileReference; lastKnownFileType = image.pdf; name = Enunciado.pdf; path = EP3/Enunciado.pdf; sourceTree = "<group>"; };
		24C6D8781B30D90700B15E98 /* monitor.h */ = {isa = PBXFileReference; lastKnownFileType = sourcecode.c.h; name = monitor.h; path = EP3/monitor.h; sourceTree = "<group>"; };
/* End PBXFileReference section */

/* Begin PBXFrameworksBuildPhase section */
		24A68EA91B2B186700217EA6 /* Frameworks */ = {
			isa = PBXFrameworksBuildPhase;
			buildActionMask = 2147483647;
			files = (
			);
			runOnlyForDeploymentPostprocessing = 0;
		};
/* End PBXFrameworksBuildPhase section */

/* Begin PBXGroup section */
		24A68EA31B2B186700217EA6 = {
			isa = PBXGroup;
			children = (
				24A68EAE1B2B186700217EA6 /* EP3 */,
				24A68EAD1B2B186700217EA6 /* Products */,
				24B43C6A1B3064D100A59F88 /* andamento.txt */,
				24B43C721B306BCF00A59F88 /* Enunciado.pdf */,
				24C6D8781B30D90700B15E98 /* monitor.h */,
				24B43C6B1B3064D100A59F88 /* main.cpp */,
				24B43C6C1B3064D100A59F88 /* monitor.cpp */,
				24B43C6D1B3064D100A59F88 /* thread.cpp */,
				24B43C6E1B3064D100A59F88 /* thread.h */,
			);
			sourceTree = "<group>";
		};
		24A68EAD1B2B186700217EA6 /* Products */ = {
			isa = PBXGroup;
			children = (
				24A68EAC1B2B186700217EA6 /* EP3 */,
			);
			name = Products;
			sourceTree = "<group>";
		};
		24A68EAE1B2B186700217EA6 /* EP3 */ = {
			isa = PBXGroup;
			children = (
			);
			path = EP3;
			sourceTree = "<group>";
		};
/* End PBXGroup section */

/* Begin PBXNativeTarget section */
		24A68EAB1B2B186700217EA6 /* EP3 */ = {
			isa = PBXNativeTarget;
			buildConfigurationList = 24A68EB31B2B186700217EA6 /* Build configuration list for PBXNativeTarget "EP3" */;
			buildPhases = (
				24A68EA81B2B186700217EA6 /* Sources */,
				24A68EA91B2B186700217EA6 /* Frameworks */,
				24A68EAA1B2B186700217EA6 /* CopyFiles */,
			);
			buildRules = (
			);
			dependencies = (
			);
			name = EP3;
			productName = EP3;
			productReference = 24A68EAC1B2B186700217EA6 /* EP3 */;
			productType = "com.apple.product-type.tool";
		};
/* End PBXNativeTarget section */

/* Begin PBXProject section */
		24A68EA41B2B186700217EA6 /* Project object */ = {
			isa = PBXProject;
			attributes = {
				LastUpgradeCheck = 0630;
				ORGANIZATIONNAME = "Vinicius Vendramini";
				TargetAttributes = {
					24A68EAB1B2B186700217EA6 = {
						CreatedOnToolsVersion = 6.3;
					};
				};
			};
			buildConfigurationList = 24A68EA71B2B186700217EA6 /* Build configuration list for PBXProject "EP3" */;
			compatibilityVersion = "Xcode 3.2";
			developmentRegion = English;
			hasScannedForEncodings = 0;
			knownRegions = (
				en,
			);
			mainGroup = 24A68EA31B2B186700217EA6;
			productRefGroup = 24A68EAD1B2B186700217EA6 /* Products */;
			projectDirPath = "";
			projectRoot = "";
			targets = (
				24A68EAB1B2B186700217EA6 /* EP3 */,
			);
		};
/* End PBXProject section */

/* Begin PBXSourcesBuildPhase section */
		24A68EA81B2B186700217EA6 /* Sources */ = {
			isa = PBXSourcesBuildPhase;
			buildActionMask = 2147483647;
			files = (
				24B43C701B3064D100A59F88 /* monitor.cpp in Sources */,
				24B43C711B3064D100A59F88 /* thread.cpp in Sources */,
				24B43C6F1B3064D100A59F88 /* main.cpp in Sources */,
			);
			runOnlyForDeploymentPostprocessing = 0;
		};
/* End PBXSourcesBuildPhase section */

/* Begin XCBuildConfiguration section */
		24A68EB11B2B186700217EA6 /* Debug */ = {
			isa = XCBuildConfiguration;
			buildSettings = {
				ALWAYS_SEARCH_USER_PATHS = NO;
				CLANG_CXX_LANGUAGE_STANDARD = "gnu++0x";
				CLANG_CXX_LIBRARY = "libc++";
				CLANG_ENABLE_MODULES = YES;
				CLANG_ENABLE_OBJC_ARC = YES;
				CLANG_WARN_BOOL_CONVERSION = YES;
				CLANG_WARN_CONSTANT_CONVERSION = YES;
				CLANG_WARN_DIRECT_OBJC_ISA_USAGE = YES_ERROR;
				CLANG_WARN_EMPTY_BODY = YES;
				CLANG_WARN_ENUM_CONVERSION = YES;
				CLANG_WARN_INT_CONVERSION = YES;
				CLANG_WARN_OBJC_ROOT_CLASS = YES_ERROR;
				CLANG_WARN_UNREACHABLE_CODE = YES;
				CLANG_WARN__DUPLICATE_METHOD_MATCH = YES;
				COPY_PHASE_STRIP = NO;
				DEBUG_INFORMATION_FORMAT = dwarf;
				ENABLE_STRICT_OBJC_MSGSEND = YES;
				GCC_C_LANGUAGE_STANDARD = gnu99;
				GCC_DYNAMIC_NO_PIC = NO;
				GCC_NO_COMMON_BLOCKS = YES;
				GCC_OPTIMIZATION_LEVEL = 0;
				GCC_PREPROCESSOR_DEFINITIONS = (
					"DEBUG=1",
					"$(inherited)",
				);
				GCC_SYMBOLS_PRIVATE_EXTERN = NO;
				GCC_WARN_64_TO_32_BIT_CONVERSION = YES;
				GCC_WARN_ABOUT_RETURN_TYPE = YES_ERROR;
				GCC_WARN_UNDECLARED_SELECTOR = YES;
				GCC_WARN_UNINITIALIZED_AUTOS = YES_AGGRESSIVE;
				GCC_WARN_UNUSED_FUNCTION = YES;
				GCC_WARN_UNUSED_VARIABLE = YES;
				MACOSX_DEPLOYMENT_TARGET = 10.10;
				MTL_ENABLE_DEBUG_INFO = YES;
				ONLY_ACTIVE_ARCH = YES;
				SDKROOT = macosx;
			};
			name = Debug;
		};
		24A68EB21B2B186700217EA6 /* Release */ = {
			isa = XCBuildConfiguration;
			buildSettings = {
				ALWAYS_SEARCH_USER_PATHS = NO;
				CLANG_CXX_LANGUAGE_STANDARD = "gnu++0x";
				CLANG_CXX_LIBRARY = "libc++";
				CLANG_ENABLE_MODULES = YES;
				CLANG_ENABLE_OBJC_ARC = YES;
				CLANG_WARN_BOOL_CONVERSION = YES;
				CLANG_WARN_CONSTANT_CONVERSION = YES;
				CLANG_WARN_DIRECT_OBJC_ISA_USAGE = YES_ERROR;
				CLANG_WARN_EMPTY_BODY = YES;
				CLANG_WARN_ENUM_CONVERSION = YES;
				CLANG_WARN_INT_CONVERSION = YES;
				CLANG_WARN_OBJC_ROOT_CLASS = YES_ERROR;
				CLANG_WARN_UNREACHABLE_CODE = YES;
				CLANG_WARN__DUPLICATE_METHOD_MATCH = YES;
				COPY_PHASE_STRIP = NO;
				DEBUG_INFORMATION_FORMAT = "dwarf-with-dsym";
				ENABLE_NS_ASSERTIONS = NO;
				ENABLE_STRICT_OBJC_MSGSEND = YES;
				GCC_C_LANGUAGE_STANDARD = gnu99;
				GCC_NO_COMMON_BLOCKS = YES;
				GCC_WARN_64_TO_32_BIT_CONVERSION = YES;
				GCC_WARN_ABOUT_RETURN_TYPE = YES_ERROR;
				GCC_WARN_UNDECLARED_SELECTOR = YES;
				GCC_WARN_UNINITIALIZED_AUTOS = YES_AGGRESSIVE;
				GCC_WARN_UNUSED_FUNCTION = YES;
				GCC_WARN_UNUSED_VARIABLE = YES;
				MACOSX_DEPLOYMENT_TARGET = 10.10;
				MTL_ENABLE_DEBUG_INFO = NO;
				SDKROOT = macosx;
			};
			name = Release;
		};
		24A68EB41B2B186700217EA6 /* Debug */ = {
			isa = XCBuildConfiguration;
			buildSettings = {
				PRODUCT_NAME = "$(TARGET_NAME)";
			};
			name = Debug;
		};
		24A68EB51B2B186700217EA6 /* Release */ = {
			isa = XCBuildConfiguration;
			buildSettings = {
				PRODUCT_NAME = "$(TARGET_NAME)";
			};
			name = Release;
		};
/* End XCBuildConfiguration section */

/* Begin XCConfigurationList section */
		24A68EA71B2B186700217EA6 /* Build configuration list for PBXProject "EP3" */ = {
			isa = XCConfigurationList;
			buildConfigurations = (
				24A68EB11B2B186700217EA6 /* Debug */,
				24A68EB21B2B186700217EA6 /* Release */,
			);
			defaultConfigurationIsVisible = 0;
			defaultConfigurationName = Release;
		};
		24A68EB31B2B186700217EA6 /* Build configuration list for PBXNativeTarget "EP3" */ = {
			isa = XCConfigurationList;
			buildConfigurations = (
				24A68EB41B2B186700217EA6 /* Debug */,
				24A68EB51B2B186700217EA6 /* Release */,
			);
			defaultConfigurationIsVisible = 0;
			defaultConfigurationName = Release;
		};
/* End XCConfigurationList section */
	};
	rootObject = 24A68EA41B2B186700217EA6 /* Project object */;
}
