// !$*UTF8*$!
{
	archiveVersion = 1;
	classes = {
	};
	objectVersion = 46;
	objects = {

/* Begin PBXBuildFile section */
		242782AE1AEFEECB00A9DDCF /* main.cpp in Sources */ = {isa = PBXBuildFile; fileRef = 242782AD1AEFEECB00A9DDCF /* main.cpp */; };
		246982BF1AEFF38400813C11 /* math.cpp in Sources */ = {isa = PBXBuildFile; fileRef = 246982BD1AEFF38400813C11 /* math.cpp */; };
		246982C51AEFFB9900813C11 /* thread.cpp in Sources */ = {isa = PBXBuildFile; fileRef = 246982C31AEFFB9900813C11 /* thread.cpp */; };
/* End PBXBuildFile section */

/* Begin PBXCopyFilesBuildPhase section */
		242782A81AEFEECB00A9DDCF /* CopyFiles */ = {
			isa = PBXCopyFilesBuildPhase;
			buildActionMask = 2147483647;
			dstPath = /usr/share/man/man1/;
			dstSubfolderSpec = 0;
			files = (
			);
			runOnlyForDeploymentPostprocessing = 1;
		};
/* End PBXCopyFilesBuildPhase section */

/* Begin PBXFileReference section */
		242782AA1AEFEECB00A9DDCF /* EP2 */ = {isa = PBXFileReference; explicitFileType = "compiled.mach-o.executable"; includeInIndex = 0; path = EP2; sourceTree = BUILT_PRODUCTS_DIR; };
		242782AD1AEFEECB00A9DDCF /* main.cpp */ = {isa = PBXFileReference; lastKnownFileType = sourcecode.cpp.cpp; path = main.cpp; sourceTree = "<group>"; };
		246982BC1AEFEFC600813C11 /* Enunciado.pdf */ = {isa = PBXFileReference; lastKnownFileType = image.pdf; path = Enunciado.pdf; sourceTree = "<group>"; };
		246982BD1AEFF38400813C11 /* math.cpp */ = {isa = PBXFileReference; fileEncoding = 4; lastKnownFileType = sourcecode.cpp.cpp; path = math.cpp; sourceTree = "<group>"; };
		246982BE1AEFF38400813C11 /* math.h */ = {isa = PBXFileReference; fileEncoding = 4; lastKnownFileType = sourcecode.c.h; path = math.h; sourceTree = "<group>"; };
		246982C31AEFFB9900813C11 /* thread.cpp */ = {isa = PBXFileReference; fileEncoding = 4; lastKnownFileType = sourcecode.cpp.cpp; path = thread.cpp; sourceTree = "<group>"; };
		246982C41AEFFB9900813C11 /* thread.h */ = {isa = PBXFileReference; fileEncoding = 4; lastKnownFileType = sourcecode.c.h; path = thread.h; sourceTree = "<group>"; };
/* End PBXFileReference section */

/* Begin PBXFrameworksBuildPhase section */
		242782A71AEFEECB00A9DDCF /* Frameworks */ = {
			isa = PBXFrameworksBuildPhase;
			buildActionMask = 2147483647;
			files = (
			);
			runOnlyForDeploymentPostprocessing = 0;
		};
/* End PBXFrameworksBuildPhase section */

/* Begin PBXGroup section */
		242782A11AEFEECB00A9DDCF = {
			isa = PBXGroup;
			children = (
				242782AC1AEFEECB00A9DDCF /* EP2 */,
				242782AB1AEFEECB00A9DDCF /* Products */,
			);
			sourceTree = "<group>";
		};
		242782AB1AEFEECB00A9DDCF /* Products */ = {
			isa = PBXGroup;
			children = (
				242782AA1AEFEECB00A9DDCF /* EP2 */,
			);
			name = Products;
			sourceTree = "<group>";
		};
		242782AC1AEFEECB00A9DDCF /* EP2 */ = {
			isa = PBXGroup;
			children = (
				242782AD1AEFEECB00A9DDCF /* main.cpp */,
				246982BD1AEFF38400813C11 /* math.cpp */,
				246982BE1AEFF38400813C11 /* math.h */,
				246982C31AEFFB9900813C11 /* thread.cpp */,
				246982C41AEFFB9900813C11 /* thread.h */,
				246982BC1AEFEFC600813C11 /* Enunciado.pdf */,
			);
			path = EP2;
			sourceTree = "<group>";
		};
/* End PBXGroup section */

/* Begin PBXNativeTarget section */
		242782A91AEFEECB00A9DDCF /* EP2 */ = {
			isa = PBXNativeTarget;
			buildConfigurationList = 242782B11AEFEECB00A9DDCF /* Build configuration list for PBXNativeTarget "EP2" */;
			buildPhases = (
				242782A61AEFEECB00A9DDCF /* Sources */,
				242782A71AEFEECB00A9DDCF /* Frameworks */,
				242782A81AEFEECB00A9DDCF /* CopyFiles */,
			);
			buildRules = (
			);
			dependencies = (
			);
			name = EP2;
			productName = EP2;
			productReference = 242782AA1AEFEECB00A9DDCF /* EP2 */;
			productType = "com.apple.product-type.tool";
		};
/* End PBXNativeTarget section */

/* Begin PBXProject section */
		242782A21AEFEECB00A9DDCF /* Project object */ = {
			isa = PBXProject;
			attributes = {
				LastUpgradeCheck = 0630;
				ORGANIZATIONNAME = "Vinicius Vendramini";
				TargetAttributes = {
					242782A91AEFEECB00A9DDCF = {
						CreatedOnToolsVersion = 6.3;
					};
				};
			};
			buildConfigurationList = 242782A51AEFEECB00A9DDCF /* Build configuration list for PBXProject "EP2" */;
			compatibilityVersion = "Xcode 3.2";
			developmentRegion = English;
			hasScannedForEncodings = 0;
			knownRegions = (
				en,
			);
			mainGroup = 242782A11AEFEECB00A9DDCF;
			productRefGroup = 242782AB1AEFEECB00A9DDCF /* Products */;
			projectDirPath = "";
			projectRoot = "";
			targets = (
				242782A91AEFEECB00A9DDCF /* EP2 */,
			);
		};
/* End PBXProject section */

/* Begin PBXSourcesBuildPhase section */
		242782A61AEFEECB00A9DDCF /* Sources */ = {
			isa = PBXSourcesBuildPhase;
			buildActionMask = 2147483647;
			files = (
				242782AE1AEFEECB00A9DDCF /* main.cpp in Sources */,
				246982BF1AEFF38400813C11 /* math.cpp in Sources */,
				246982C51AEFFB9900813C11 /* thread.cpp in Sources */,
			);
			runOnlyForDeploymentPostprocessing = 0;
		};
/* End PBXSourcesBuildPhase section */

/* Begin XCBuildConfiguration section */
		242782AF1AEFEECB00A9DDCF /* Debug */ = {
			isa = XCBuildConfiguration;
			buildSettings = {
				ALWAYS_SEARCH_USER_PATHS = NO;
				CLANG_CXX_LANGUAGE_STANDARD = "gnu++0x";
				CLANG_CXX_LIBRARY = "libc++";
				CLANG_ENABLE_MODULES = YES;
				CLANG_ENABLE_OBJC_ARC = YES;
				CLANG_WARN_BOOL_CONVERSION = YES;
				CLANG_WARN_CONSTANT_CONVERSION = YES;
				CLANG_WARN_DIRECT_OBJC_ISA_USAGE = YES_ERROR;
				CLANG_WARN_EMPTY_BODY = YES;
				CLANG_WARN_ENUM_CONVERSION = YES;
				CLANG_WARN_INT_CONVERSION = YES;
				CLANG_WARN_OBJC_ROOT_CLASS = YES_ERROR;
				CLANG_WARN_UNREACHABLE_CODE = YES;
				CLANG_WARN__DUPLICATE_METHOD_MATCH = YES;
				COPY_PHASE_STRIP = NO;
				DEBUG_INFORMATION_FORMAT = dwarf;
				ENABLE_STRICT_OBJC_MSGSEND = YES;
				GCC_C_LANGUAGE_STANDARD = gnu99;
				GCC_DYNAMIC_NO_PIC = NO;
				GCC_NO_COMMON_BLOCKS = YES;
				GCC_OPTIMIZATION_LEVEL = 0;
				GCC_PREPROCESSOR_DEFINITIONS = (
					"DEBUG=1",
					"$(inherited)",
				);
				GCC_SYMBOLS_PRIVATE_EXTERN = NO;
				GCC_WARN_64_TO_32_BIT_CONVERSION = YES;
				GCC_WARN_ABOUT_RETURN_TYPE = YES_ERROR;
				GCC_WARN_UNDECLARED_SELECTOR = YES;
				GCC_WARN_UNINITIALIZED_AUTOS = YES_AGGRESSIVE;
				GCC_WARN_UNUSED_FUNCTION = YES;
				GCC_WARN_UNUSED_VARIABLE = YES;
				MACOSX_DEPLOYMENT_TARGET = 10.10;
				MTL_ENABLE_DEBUG_INFO = YES;
				ONLY_ACTIVE_ARCH = YES;
				SDKROOT = macosx;
			};
			name = Debug;
		};
		242782B01AEFEECB00A9DDCF /* Release */ = {
			isa = XCBuildConfiguration;
			buildSettings = {
				ALWAYS_SEARCH_USER_PATHS = NO;
				CLANG_CXX_LANGUAGE_STANDARD = "gnu++0x";
				CLANG_CXX_LIBRARY = "libc++";
				CLANG_ENABLE_MODULES = YES;
				CLANG_ENABLE_OBJC_ARC = YES;
				CLANG_WARN_BOOL_CONVERSION = YES;
				CLANG_WARN_CONSTANT_CONVERSION = YES;
				CLANG_WARN_DIRECT_OBJC_ISA_USAGE = YES_ERROR;
				CLANG_WARN_EMPTY_BODY = YES;
				CLANG_WARN_ENUM_CONVERSION = YES;
				CLANG_WARN_INT_CONVERSION = YES;
				CLANG_WARN_OBJC_ROOT_CLASS = YES_ERROR;
				CLANG_WARN_UNREACHABLE_CODE = YES;
				CLANG_WARN__DUPLICATE_METHOD_MATCH = YES;
				COPY_PHASE_STRIP = NO;
				DEBUG_INFORMATION_FORMAT = "dwarf-with-dsym";
				ENABLE_NS_ASSERTIONS = NO;
				ENABLE_STRICT_OBJC_MSGSEND = YES;
				GCC_C_LANGUAGE_STANDARD = gnu99;
				GCC_NO_COMMON_BLOCKS = YES;
				GCC_WARN_64_TO_32_BIT_CONVERSION = YES;
				GCC_WARN_ABOUT_RETURN_TYPE = YES_ERROR;
				GCC_WARN_UNDECLARED_SELECTOR = YES;
				GCC_WARN_UNINITIALIZED_AUTOS = YES_AGGRESSIVE;
				GCC_WARN_UNUSED_FUNCTION = YES;
				GCC_WARN_UNUSED_VARIABLE = YES;
				MACOSX_DEPLOYMENT_TARGET = 10.10;
				MTL_ENABLE_DEBUG_INFO = NO;
				SDKROOT = macosx;
			};
			name = Release;
		};
		242782B21AEFEECB00A9DDCF /* Debug */ = {
			isa = XCBuildConfiguration;
			buildSettings = {
				HEADER_SEARCH_PATHS = (
					"$(inherited)",
					/Applications/Xcode.app/Contents/Developer/Toolchains/XcodeDefault.xctoolchain/usr/include,
					/usr/local/include/,
				);
				LIBRARY_SEARCH_PATHS = (
					/usr/local/lib/,
					"$(inherited)",
				);
				OTHER_CPLUSPLUSFLAGS = "$(OTHER_CFLAGS)";
				OTHER_LDFLAGS = (
					"-lgmpxx",
					"-lgmp",
				);
				PRODUCT_NAME = "$(TARGET_NAME)";
			};
			name = Debug;
		};
		242782B31AEFEECB00A9DDCF /* Release */ = {
			isa = XCBuildConfiguration;
			buildSettings = {
				HEADER_SEARCH_PATHS = (
					"$(inherited)",
					/Applications/Xcode.app/Contents/Developer/Toolchains/XcodeDefault.xctoolchain/usr/include,
					/usr/local/include/,
				);
				LIBRARY_SEARCH_PATHS = (
					/usr/local/lib/,
					"$(inherited)",
				);
				OTHER_CPLUSPLUSFLAGS = "$(OTHER_CFLAGS)";
				OTHER_LDFLAGS = (
					"-lgmpxx",
					"-lgmp",
				);
				PRODUCT_NAME = "$(TARGET_NAME)";
			};
			name = Release;
		};
/* End XCBuildConfiguration section */

/* Begin XCConfigurationList section */
		242782A51AEFEECB00A9DDCF /* Build configuration list for PBXProject "EP2" */ = {
			isa = XCConfigurationList;
			buildConfigurations = (
				242782AF1AEFEECB00A9DDCF /* Debug */,
				242782B01AEFEECB00A9DDCF /* Release */,
			);
			defaultConfigurationIsVisible = 0;
			defaultConfigurationName = Release;
		};
		242782B11AEFEECB00A9DDCF /* Build configuration list for PBXNativeTarget "EP2" */ = {
			isa = XCConfigurationList;
			buildConfigurations = (
				242782B21AEFEECB00A9DDCF /* Debug */,
				242782B31AEFEECB00A9DDCF /* Release */,
			);
			defaultConfigurationIsVisible = 0;
			defaultConfigurationName = Release;
		};
/* End XCConfigurationList section */
	};
	rootObject = 242782A21AEFEECB00A9DDCF /* Project object */;
}
